// !$*UTF8*$!
{
	archiveVersion = 1;
	classes = {
	};
	objectVersion = 46;
	objects = {

/* Begin PBXBuildFile section */
		001461D71F92563C00C80767 /* AppDelegate.swift in Sources */ = {isa = PBXBuildFile; fileRef = 001461D61F92563C00C80767 /* AppDelegate.swift */; };
		001461D91F92563C00C80767 /* ViewController.swift in Sources */ = {isa = PBXBuildFile; fileRef = 001461D81F92563C00C80767 /* ViewController.swift */; };
		001461DC1F92563C00C80767 /* Main.storyboard in Resources */ = {isa = PBXBuildFile; fileRef = 001461DA1F92563C00C80767 /* Main.storyboard */; };
		001461DE1F92563C00C80767 /* Assets.xcassets in Resources */ = {isa = PBXBuildFile; fileRef = 001461DD1F92563C00C80767 /* Assets.xcassets */; };
		001461E11F92563C00C80767 /* LaunchScreen.storyboard in Resources */ = {isa = PBXBuildFile; fileRef = 001461DF1F92563C00C80767 /* LaunchScreen.storyboard */; };
		001461E91F925BF000C80767 /* image1.jpg in Resources */ = {isa = PBXBuildFile; fileRef = 001461E81F925BEF00C80767 /* image1.jpg */; };
		001461EB1F925C0300C80767 /* image2.jpg in Resources */ = {isa = PBXBuildFile; fileRef = 001461EA1F925C0300C80767 /* image2.jpg */; };
		001461ED1F925C1700C80767 /* image3.jpg in Resources */ = {isa = PBXBuildFile; fileRef = 001461EC1F925C1700C80767 /* image3.jpg */; };
/* End PBXBuildFile section */

/* Begin PBXFileReference section */
		001461D31F92563C00C80767 /* imageSlide.app */ = {isa = PBXFileReference; explicitFileType = wrapper.application; includeInIndex = 0; path = imageSlide.app; sourceTree = BUILT_PRODUCTS_DIR; };
		001461D61F92563C00C80767 /* AppDelegate.swift */ = {isa = PBXFileReference; lastKnownFileType = sourcecode.swift; path = AppDelegate.swift; sourceTree = "<group>"; };
		001461D81F92563C00C80767 /* ViewController.swift */ = {isa = PBXFileReference; lastKnownFileType = sourcecode.swift; path = ViewController.swift; sourceTree = "<group>"; };
		001461DB1F92563C00C80767 /* Base */ = {isa = PBXFileReference; lastKnownFileType = file.storyboard; name = Base; path = Base.lproj/Main.storyboard; sourceTree = "<group>"; };
		001461DD1F92563C00C80767 /* Assets.xcassets */ = {isa = PBXFileReference; lastKnownFileType = folder.assetcatalog; path = Assets.xcassets; sourceTree = "<group>"; };
		001461E01F92563C00C80767 /* Base */ = {isa = PBXFileReference; lastKnownFileType = file.storyboard; name = Base; path = Base.lproj/LaunchScreen.storyboard; sourceTree = "<group>"; };
		001461E21F92563C00C80767 /* Info.plist */ = {isa = PBXFileReference; lastKnownFileType = text.plist.xml; path = Info.plist; sourceTree = "<group>"; };
		001461E81F925BEF00C80767 /* image1.jpg */ = {isa = PBXFileReference; lastKnownFileType = image.jpeg; name = image1.jpg; path = ../../../image1.jpg; sourceTree = "<group>"; };
		001461EA1F925C0300C80767 /* image2.jpg */ = {isa = PBXFileReference; lastKnownFileType = image.jpeg; name = image2.jpg; path = ../../../image2.jpg; sourceTree = "<group>"; };
		001461EC1F925C1700C80767 /* image3.jpg */ = {isa = PBXFileReference; lastKnownFileType = image.jpeg; name = image3.jpg; path = ../../../image3.jpg; sourceTree = "<group>"; };
/* End PBXFileReference section */

/* Begin PBXFrameworksBuildPhase section */
		001461D01F92563C00C80767 /* Frameworks */ = {
			isa = PBXFrameworksBuildPhase;
			buildActionMask = 2147483647;
			files = (
			);
			runOnlyForDeploymentPostprocessing = 0;
		};
/* End PBXFrameworksBuildPhase section */

/* Begin PBXGroup section */
		001461CA1F92563C00C80767 = {
			isa = PBXGroup;
			children = (
				001461D51F92563C00C80767 /* imageSlide */,
				001461D41F92563C00C80767 /* Products */,
			);
			sourceTree = "<group>";
		};
		001461D41F92563C00C80767 /* Products */ = {
			isa = PBXGroup;
			children = (
				001461D31F92563C00C80767 /* imageSlide.app */,
			);
			name = Products;
			sourceTree = "<group>";
		};
		001461D51F92563C00C80767 /* imageSlide */ = {
			isa = PBXGroup;
			children = (
				001461D61F92563C00C80767 /* AppDelegate.swift */,
				001461D81F92563C00C80767 /* ViewController.swift */,
				001461DA1F92563C00C80767 /* Main.storyboard */,
				001461E81F925BEF00C80767 /* image1.jpg */,
				001461EA1F925C0300C80767 /* image2.jpg */,
				001461EC1F925C1700C80767 /* image3.jpg */,
				001461DD1F92563C00C80767 /* Assets.xcassets */,
				001461DF1F92563C00C80767 /* LaunchScreen.storyboard */,
				001461E21F92563C00C80767 /* Info.plist */,
			);
			path = imageSlide;
			sourceTree = "<group>";
		};
/* End PBXGroup section */

/* Begin PBXNativeTarget section */
		001461D21F92563C00C80767 /* imageSlide */ = {
			isa = PBXNativeTarget;
			buildConfigurationList = 001461E51F92563C00C80767 /* Build configuration list for PBXNativeTarget "imageSlide" */;
			buildPhases = (
				001461CF1F92563C00C80767 /* Sources */,
				001461D01F92563C00C80767 /* Frameworks */,
				001461D11F92563C00C80767 /* Resources */,
			);
			buildRules = (
			);
			dependencies = (
			);
			name = imageSlide;
			productName = imageSlide;
			productReference = 001461D31F92563C00C80767 /* imageSlide.app */;
			productType = "com.apple.product-type.application";
		};
/* End PBXNativeTarget section */

/* Begin PBXProject section */
		001461CB1F92563C00C80767 /* Project object */ = {
			isa = PBXProject;
			attributes = {
				LastSwiftUpdateCheck = 0830;
				LastUpgradeCheck = 0830;
				ORGANIZATIONNAME = "The NTMC Foundation";
				TargetAttributes = {
					001461D21F92563C00C80767 = {
						CreatedOnToolsVersion = 8.3.3;
						DevelopmentTeam = 97XAVNH73S;
						ProvisioningStyle = Automatic;
					};
				};
			};
			buildConfigurationList = 001461CE1F92563C00C80767 /* Build configuration list for PBXProject "imageSlide" */;
			compatibilityVersion = "Xcode 3.2";
			developmentRegion = English;
			hasScannedForEncodings = 0;
			knownRegions = (
				en,
				Base,
			);
			mainGroup = 001461CA1F92563C00C80767;
			productRefGroup = 001461D41F92563C00C80767 /* Products */;
			projectDirPath = "";
			projectRoot = "";
			targets = (
				001461D21F92563C00C80767 /* imageSlide */,
			);
		};
/* End PBXProject section */

/* Begin PBXResourcesBuildPhase section */
		001461D11F92563C00C80767 /* Resources */ = {
			isa = PBXResourcesBuildPhase;
			buildActionMask = 2147483647;
			files = (
				001461E11F92563C00C80767 /* LaunchScreen.storyboard in Resources */,
				001461E91F925BF000C80767 /* image1.jpg in Resources */,
				001461DE1F92563C00C80767 /* Assets.xcassets in Resources */,
				001461ED1F925C1700C80767 /* image3.jpg in Resources */,
				001461EB1F925C0300C80767 /* image2.jpg in Resources */,
				001461DC1F92563C00C80767 /* Main.storyboard in Resources */,
			);
			runOnlyForDeploymentPostprocessing = 0;
		};
/* End PBXResourcesBuildPhase section */

/* Begin PBXSourcesBuildPhase section */
		001461CF1F92563C00C80767 /* Sources */ = {
			isa = PBXSourcesBuildPhase;
			buildActionMask = 2147483647;
			files = (
				001461D91F92563C00C80767 /* ViewController.swift in Sources */,
				001461D71F92563C00C80767 /* AppDelegate.swift in Sources */,
			);
			runOnlyForDeploymentPostprocessing = 0;
		};
/* End PBXSourcesBuildPhase section */

/* Begin PBXVariantGroup section */
		001461DA1F92563C00C80767 /* Main.storyboard */ = {
			isa = PBXVariantGroup;
			children = (
				001461DB1F92563C00C80767 /* Base */,
			);
			name = Main.storyboard;
			sourceTree = "<group>";
		};
		001461DF1F92563C00C80767 /* LaunchScreen.storyboard */ = {
			isa = PBXVariantGroup;
			children = (
				001461E01F92563C00C80767 /* Base */,
			);
			name = LaunchScreen.storyboard;
			sourceTree = "<group>";
		};
/* End PBXVariantGroup section */

/* Begin XCBuildConfiguration section */
		001461E31F92563C00C80767 /* Debug */ = {
			isa = XCBuildConfiguration;
			buildSettings = {
				ALWAYS_SEARCH_USER_PATHS = NO;
				CLANG_ANALYZER_NONNULL = YES;
				CLANG_ANALYZER_NUMBER_OBJECT_CONVERSION = YES_AGGRESSIVE;
				CLANG_CXX_LANGUAGE_STANDARD = "gnu++0x";
				CLANG_CXX_LIBRARY = "libc++";
				CLANG_ENABLE_MODULES = YES;
				CLANG_ENABLE_OBJC_ARC = YES;
				CLANG_WARN_BOOL_CONVERSION = YES;
				CLANG_WARN_CONSTANT_CONVERSION = YES;
				CLANG_WARN_DIRECT_OBJC_ISA_USAGE = YES_ERROR;
				CLANG_WARN_DOCUMENTATION_COMMENTS = YES;
				CLANG_WARN_EMPTY_BODY = YES;
				CLANG_WARN_ENUM_CONVERSION = YES;
				CLANG_WARN_INFINITE_RECURSION = YES;
				CLANG_WARN_INT_CONVERSION = YES;
				CLANG_WARN_OBJC_ROOT_CLASS = YES_ERROR;
				CLANG_WARN_SUSPICIOUS_MOVE = YES;
				CLANG_WARN_UNREACHABLE_CODE = YES;
				CLANG_WARN__DUPLICATE_METHOD_MATCH = YES;
				"CODE_SIGN_IDENTITY[sdk=iphoneos*]" = "iPhone Developer";
				COPY_PHASE_STRIP = NO;
				DEBUG_INFORMATION_FORMAT = dwarf;
				ENABLE_STRICT_OBJC_MSGSEND = YES;
				ENABLE_TESTABILITY = YES;
				GCC_C_LANGUAGE_STANDARD = gnu99;
				GCC_DYNAMIC_NO_PIC = NO;
				GCC_NO_COMMON_BLOCKS = YES;
				GCC_OPTIMIZATION_LEVEL = 0;
				GCC_PREPROCESSOR_DEFINITIONS = (
					"DEBUG=1",
					"$(inherited)",
				);
				GCC_WARN_64_TO_32_BIT_CONVERSION = YES;
				GCC_WARN_ABOUT_RETURN_TYPE = YES_ERROR;
				GCC_WARN_UNDECLARED_SELECTOR = YES;
				GCC_WARN_UNINITIALIZED_AUTOS = YES_AGGRESSIVE;
				GCC_WARN_UNUSED_FUNCTION = YES;
				GCC_WARN_UNUSED_VARIABLE = YES;
				IPHONEOS_DEPLOYMENT_TARGET = 10.3;
				MTL_ENABLE_DEBUG_INFO = YES;
				ONLY_ACTIVE_ARCH = YES;
				SDKROOT = iphoneos;
				SWIFT_ACTIVE_COMPILATION_CONDITIONS = DEBUG;
				SWIFT_OPTIMIZATION_LEVEL = "-Onone";
			};
			name = Debug;
		};
		001461E41F92563C00C80767 /* Release */ = {
			isa = XCBuildConfiguration;
			buildSettings = {
				ALWAYS_SEARCH_USER_PATHS = NO;
				CLANG_ANALYZER_NONNULL = YES;
				CLANG_ANALYZER_NUMBER_OBJECT_CONVERSION = YES_AGGRESSIVE;
				CLANG_CXX_LANGUAGE_STANDARD = "gnu++0x";
				CLANG_CXX_LIBRARY = "libc++";
				CLANG_ENABLE_MODULES = YES;
				CLANG_ENABLE_OBJC_ARC = YES;
				CLANG_WARN_BOOL_CONVERSION = YES;
				CLANG_WARN_CONSTANT_CONVERSION = YES;
				CLANG_WARN_DIRECT_OBJC_ISA_USAGE = YES_ERROR;
				CLANG_WARN_DOCUMENTATION_COMMENTS = YES;
				CLANG_WARN_EMPTY_BODY = YES;
				CLANG_WARN_ENUM_CONVERSION = YES;
				CLANG_WARN_INFINITE_RECURSION = YES;
				CLANG_WARN_INT_CONVERSION = YES;
				CLANG_WARN_OBJC_ROOT_CLASS = YES_ERROR;
				CLANG_WARN_SUSPICIOUS_MOVE = YES;
				CLANG_WARN_UNREACHABLE_CODE = YES;
				CLANG_WARN__DUPLICATE_METHOD_MATCH = YES;
				"CODE_SIGN_IDENTITY[sdk=iphoneos*]" = "iPhone Developer";
				COPY_PHASE_STRIP = NO;
				DEBUG_INFORMATION_FORMAT = "dwarf-with-dsym";
				ENABLE_NS_ASSERTIONS = NO;
				ENABLE_STRICT_OBJC_MSGSEND = YES;
				GCC_C_LANGUAGE_STANDARD = gnu99;
				GCC_NO_COMMON_BLOCKS = YES;
				GCC_WARN_64_TO_32_BIT_CONVERSION = YES;
				GCC_WARN_ABOUT_RETURN_TYPE = YES_ERROR;
				GCC_WARN_UNDECLARED_SELECTOR = YES;
				GCC_WARN_UNINITIALIZED_AUTOS = YES_AGGRESSIVE;
				GCC_WARN_UNUSED_FUNCTION = YES;
				GCC_WARN_UNUSED_VARIABLE = YES;
				IPHONEOS_DEPLOYMENT_TARGET = 10.3;
				MTL_ENABLE_DEBUG_INFO = NO;
				SDKROOT = iphoneos;
				SWIFT_OPTIMIZATION_LEVEL = "-Owholemodule";
				VALIDATE_PRODUCT = YES;
			};
			name = Release;
		};
		001461E61F92563C00C80767 /* Debug */ = {
			isa = XCBuildConfiguration;
			buildSettings = {
				ASSETCATALOG_COMPILER_APPICON_NAME = AppIcon;
				DEVELOPMENT_TEAM = 97XAVNH73S;
				INFOPLIST_FILE = imageSlide/Info.plist;
				LD_RUNPATH_SEARCH_PATHS = "$(inherited) @executable_path/Frameworks";
				PRODUCT_BUNDLE_IDENTIFIER = com.ntmc.imageSlide;
				PRODUCT_NAME = "$(TARGET_NAME)";
				SWIFT_VERSION = 3.0;
			};
			name = Debug;
		};
		001461E71F92563C00C80767 /* Release */ = {
			isa = XCBuildConfiguration;
			buildSettings = {
				ASSETCATALOG_COMPILER_APPICON_NAME = AppIcon;
				DEVELOPMENT_TEAM = 97XAVNH73S;
				INFOPLIST_FILE = imageSlide/Info.plist;
				LD_RUNPATH_SEARCH_PATHS = "$(inherited) @executable_path/Frameworks";
				PRODUCT_BUNDLE_IDENTIFIER = com.ntmc.imageSlide;
				PRODUCT_NAME = "$(TARGET_NAME)";
				SWIFT_VERSION = 3.0;
			};
			name = Release;
		};
/* End XCBuildConfiguration section */

/* Begin XCConfigurationList section */
		001461CE1F92563C00C80767 /* Build configuration list for PBXProject "imageSlide" */ = {
			isa = XCConfigurationList;
			buildConfigurations = (
				001461E31F92563C00C80767 /* Debug */,
				001461E41F92563C00C80767 /* Release */,
			);
			defaultConfigurationIsVisible = 0;
			defaultConfigurationName = Release;
		};
		001461E51F92563C00C80767 /* Build configuration list for PBXNativeTarget "imageSlide" */ = {
			isa = XCConfigurationList;
			buildConfigurations = (
				001461E61F92563C00C80767 /* Debug */,
				001461E71F92563C00C80767 /* Release */,
			);
			defaultConfigurationIsVisible = 0;
		};
/* End XCConfigurationList section */
	};
	rootObject = 001461CB1F92563C00C80767 /* Project object */;
}
